
Microsoft Visual Studio Solution File, Format Version 12.00
# Visual Studio 15
VisualStudioVersion = 15.0.26730.16
MinimumVisualStudioVersion = 10.0.40219.1
Project("{FAE04EC0-301F-11D3-BF4B-00C04F79EFBC}") = "Hello", "Hello\Hello.csproj", "{593778D4-EFB4-442B-9691-F6926F25D577}"
EndProject
Global
	GlobalSection(SolutionConfigurationPlatforms) = preSolution
		Debug|Any CPU = Debug|Any CPU
		Release|Any CPU = Release|Any CPU
	EndGlobalSection
	GlobalSection(ProjectConfigurationPlatforms) = postSolution
		{593778D4-EFB4-442B-9691-F6926F25D577}.Debug|Any CPU.ActiveCfg = Debug|Any CPU
		{593778D4-EFB4-442B-9691-F6926F25D577}.Debug|Any CPU.Build.0 = Debug|Any CPU
		{593778D4-EFB4-442B-9691-F6926F25D577}.Release|Any CPU.ActiveCfg = Release|Any CPU
		{593778D4-EFB4-442B-9691-F6926F25D577}.Release|Any CPU.Build.0 = Release|Any CPU
	EndGlobalSection
	GlobalSection(SolutionProperties) = preSolution
		HideSolutionNode = FALSE
	EndGlobalSection
	GlobalSection(ExtensibilityGlobals) = postSolution
		SolutionGuid = {0812A4F8-5FBB-462D-8190-130165A00595}
	EndGlobalSection
EndGlobal
